{
  "name": "@dishanqian/cn2tw",
  "version": "0.0.1",
  "lockfileVersion": 3,
  "requires": true,
  "packages": {
    "": {
      "name": "@dishanqian/cn2tw",
      "version": "0.0.1",
      "license": "Apache-2.0",
      "dependencies": {
        "@dishanqian/cn_and_tw": "^0.0.3"
      }
    },
    "node_modules/@dishanqian/cn_and_tw": {
      "version": "0.0.3",
      "resolved": "https://registry.npmjs.org/@dishanqian/cn_and_tw/-/cn_and_tw-0.0.3.tgz",
      "integrity": "sha512-8TNwt41uxrhJ7TVN49rLzjBoOIuecKvW/3nYs3HYCBaOuNCGZZBYxm0DRU3pXS+us2+GC/Iu4I5bbFV1fye51Q=="
    }
  }
}
